
Microsoft Visual Studio Solution File, Format Version 12.00
# Visual Studio Version 16
VisualStudioVersion = 16.0.30907.101
MinimumVisualStudioVersion = 10.0.40219.1
Project("{FAE04EC0-301F-11D3-BF4B-00C04F79EFBC}") = "FhirDeps", "FhirDeps\FhirDeps.csproj", "{1464122C-0203-44FE-8558-78019F16115C}"
EndProject
Global
	GlobalSection(SolutionConfigurationPlatforms) = preSolution
		Debug|Any CPU = Debug|Any CPU
		Release|Any CPU = Release|Any CPU
	EndGlobalSection
	GlobalSection(ProjectConfigurationPlatforms) = postSolution
		{1464122C-0203-44FE-8558-78019F16115C}.Debug|Any CPU.ActiveCfg = Debug|Any CPU
		{1464122C-0203-44FE-8558-78019F16115C}.Debug|Any CPU.Build.0 = Debug|Any CPU
		{1464122C-0203-44FE-8558-78019F16115C}.Release|Any CPU.ActiveCfg = Release|Any CPU
		{1464122C-0203-44FE-8558-78019F16115C}.Release|Any CPU.Build.0 = Release|Any CPU
	EndGlobalSection
	GlobalSection(SolutionProperties) = preSolution
		HideSolutionNode = FALSE
	EndGlobalSection
	GlobalSection(ExtensibilityGlobals) = postSolution
		SolutionGuid = {CD66E0D8-5FE5-4888-86A4-33182AA2BFE7}
	EndGlobalSection
EndGlobal
